
Microsoft Visual Studio Solution File, Format Version 12.00
# Visual Studio Version 16
VisualStudioVersion = 16.0.28803.202
MinimumVisualStudioVersion = 10.0.40219.1
Project("{9A19103F-16F7-4668-BE54-9A1E7A4F7556}") = "SnapshotTest", "SnapShotTest\SnapshotTest.csproj", "{A9756F12-9063-4F30-B36A-83DCE287D877}"
EndProject
Project("{FAE04EC0-301F-11D3-BF4B-00C04F79EFBC}") = "UseSnapshotTest", "UseSnapshotTest\UseSnapshotTest.csproj", "{90BE7CEC-165B-4034-8887-4466D9D16BFC}"
EndProject
Global
	GlobalSection(SolutionConfigurationPlatforms) = preSolution
		Debug|Any CPU = Debug|Any CPU
		Release|Any CPU = Release|Any CPU
	EndGlobalSection
	GlobalSection(ProjectConfigurationPlatforms) = postSolution
		{A9756F12-9063-4F30-B36A-83DCE287D877}.Debug|Any CPU.ActiveCfg = Debug|Any CPU
		{A9756F12-9063-4F30-B36A-83DCE287D877}.Debug|Any CPU.Build.0 = Debug|Any CPU
		{A9756F12-9063-4F30-B36A-83DCE287D877}.Release|Any CPU.ActiveCfg = Release|Any CPU
		{A9756F12-9063-4F30-B36A-83DCE287D877}.Release|Any CPU.Build.0 = Release|Any CPU
		{90BE7CEC-165B-4034-8887-4466D9D16BFC}.Debug|Any CPU.ActiveCfg = Debug|Any CPU
		{90BE7CEC-165B-4034-8887-4466D9D16BFC}.Debug|Any CPU.Build.0 = Debug|Any CPU
		{90BE7CEC-165B-4034-8887-4466D9D16BFC}.Release|Any CPU.ActiveCfg = Release|Any CPU
		{90BE7CEC-165B-4034-8887-4466D9D16BFC}.Release|Any CPU.Build.0 = Release|Any CPU
	EndGlobalSection
	GlobalSection(SolutionProperties) = preSolution
		HideSolutionNode = FALSE
	EndGlobalSection
	GlobalSection(ExtensibilityGlobals) = postSolution
		SolutionGuid = {EFBD5D73-ACFD-43D9-AF2E-94A12AB5DAC3}
	EndGlobalSection
EndGlobal
